
Microsoft Visual Studio Solution File, Format Version 12.00
# Visual Studio Version 18
VisualStudioVersion = 18.0.11222.15
MinimumVisualStudioVersion = 10.0.40219.1
Project("{FAE04EC0-301F-11D3-BF4B-00C04F79EFBC}") = "Infrastructures", "Infrastructures\Infrastructures.csproj", "{CC90E21F-7EDB-4BA2-A022-F34FFE99847F}"
EndProject
Project("{FAE04EC0-301F-11D3-BF4B-00C04F79EFBC}") = "Domain", "Domain\Domain.csproj", "{5907CC47-9920-4502-AB07-CDC317C5AB84}"
EndProject
Project("{FAE04EC0-301F-11D3-BF4B-00C04F79EFBC}") = "Shared", "Shared\Shared.csproj", "{3ABBE75D-74C5-4F76-A893-BF01393FAF30}"
EndProject
Project("{FAE04EC0-301F-11D3-BF4B-00C04F79EFBC}") = "Application", "Application\Application.csproj", "{E800AC31-DD8A-4F0B-830F-C92A6ECFBBEF}"
EndProject
Project("{FAE04EC0-301F-11D3-BF4B-00C04F79EFBC}") = "Empli.Manager", "Empli.Manager\Empli.Manager.csproj", "{6F8D6707-F221-4EF1-9565-E854C1287BFA}"
EndProject
Global
	GlobalSection(SolutionConfigurationPlatforms) = preSolution
		Debug|Any CPU = Debug|Any CPU
		Release|Any CPU = Release|Any CPU
	EndGlobalSection
	GlobalSection(ProjectConfigurationPlatforms) = postSolution
		{CC90E21F-7EDB-4BA2-A022-F34FFE99847F}.Debug|Any CPU.ActiveCfg = Debug|Any CPU
		{CC90E21F-7EDB-4BA2-A022-F34FFE99847F}.Debug|Any CPU.Build.0 = Debug|Any CPU
		{CC90E21F-7EDB-4BA2-A022-F34FFE99847F}.Release|Any CPU.ActiveCfg = Release|Any CPU
		{CC90E21F-7EDB-4BA2-A022-F34FFE99847F}.Release|Any CPU.Build.0 = Release|Any CPU
		{5907CC47-9920-4502-AB07-CDC317C5AB84}.Debug|Any CPU.ActiveCfg = Debug|Any CPU
		{5907CC47-9920-4502-AB07-CDC317C5AB84}.Debug|Any CPU.Build.0 = Debug|Any CPU
		{5907CC47-9920-4502-AB07-CDC317C5AB84}.Release|Any CPU.ActiveCfg = Release|Any CPU
		{5907CC47-9920-4502-AB07-CDC317C5AB84}.Release|Any CPU.Build.0 = Release|Any CPU
		{3ABBE75D-74C5-4F76-A893-BF01393FAF30}.Debug|Any CPU.ActiveCfg = Debug|Any CPU
		{3ABBE75D-74C5-4F76-A893-BF01393FAF30}.Debug|Any CPU.Build.0 = Debug|Any CPU
		{3ABBE75D-74C5-4F76-A893-BF01393FAF30}.Release|Any CPU.ActiveCfg = Release|Any CPU
		{3ABBE75D-74C5-4F76-A893-BF01393FAF30}.Release|Any CPU.Build.0 = Release|Any CPU
		{E800AC31-DD8A-4F0B-830F-C92A6ECFBBEF}.Debug|Any CPU.ActiveCfg = Debug|Any CPU
		{E800AC31-DD8A-4F0B-830F-C92A6ECFBBEF}.Debug|Any CPU.Build.0 = Debug|Any CPU
		{E800AC31-DD8A-4F0B-830F-C92A6ECFBBEF}.Release|Any CPU.ActiveCfg = Release|Any CPU
		{E800AC31-DD8A-4F0B-830F-C92A6ECFBBEF}.Release|Any CPU.Build.0 = Release|Any CPU
		{6F8D6707-F221-4EF1-9565-E854C1287BFA}.Debug|Any CPU.ActiveCfg = Debug|Any CPU
		{6F8D6707-F221-4EF1-9565-E854C1287BFA}.Debug|Any CPU.Build.0 = Debug|Any CPU
		{6F8D6707-F221-4EF1-9565-E854C1287BFA}.Release|Any CPU.ActiveCfg = Release|Any CPU
		{6F8D6707-F221-4EF1-9565-E854C1287BFA}.Release|Any CPU.Build.0 = Release|Any CPU
	EndGlobalSection
	GlobalSection(SolutionProperties) = preSolution
		HideSolutionNode = FALSE
	EndGlobalSection
	GlobalSection(ExtensibilityGlobals) = postSolution
		SolutionGuid = {37E6E7EF-5CFD-493C-901F-A0553AEA5E5C}
	EndGlobalSection
EndGlobal
